// !$*UTF8*$!
{
	archiveVersion = 1;
	classes = {
	};
	objectVersion = 50;
	objects = {

/* Begin PBXBuildFile section */
		20CE647A21067F4F00A30168 /* AppDelegate.swift in Sources */ = {isa = PBXBuildFile; fileRef = 20CE647921067F4F00A30168 /* AppDelegate.swift */; };
		20CE647C21067F4F00A30168 /* ViewController.swift in Sources */ = {isa = PBXBuildFile; fileRef = 20CE647B21067F4F00A30168 /* ViewController.swift */; };
		20CE647F21067F4F00A30168 /* Main.storyboard in Resources */ = {isa = PBXBuildFile; fileRef = 20CE647D21067F4F00A30168 /* Main.storyboard */; };
		20CE648121067F5100A30168 /* Assets.xcassets in Resources */ = {isa = PBXBuildFile; fileRef = 20CE648021067F5100A30168 /* Assets.xcassets */; };
		20CE648421067F5100A30168 /* LaunchScreen.storyboard in Resources */ = {isa = PBXBuildFile; fileRef = 20CE648221067F5100A30168 /* LaunchScreen.storyboard */; };
		20CE648F21067F5100A30168 /* YouRunTests.swift in Sources */ = {isa = PBXBuildFile; fileRef = 20CE648E21067F5100A30168 /* YouRunTests.swift */; };
		20CE649A2106811D00A30168 /* MyViewController.swift in Sources */ = {isa = PBXBuildFile; fileRef = 20CE64992106811D00A30168 /* MyViewController.swift */; };
/* End PBXBuildFile section */

/* Begin PBXContainerItemProxy section */
		20CE648B21067F5100A30168 /* PBXContainerItemProxy */ = {
			isa = PBXContainerItemProxy;
			containerPortal = 20CE646E21067F4E00A30168 /* Project object */;
			proxyType = 1;
			remoteGlobalIDString = 20CE647521067F4E00A30168;
			remoteInfo = YouRun;
		};
/* End PBXContainerItemProxy section */

/* Begin PBXFileReference section */
		20CE647621067F4F00A30168 /* YouRun.app */ = {isa = PBXFileReference; explicitFileType = wrapper.application; includeInIndex = 0; path = YouRun.app; sourceTree = BUILT_PRODUCTS_DIR; };
		20CE647921067F4F00A30168 /* AppDelegate.swift */ = {isa = PBXFileReference; lastKnownFileType = sourcecode.swift; path = AppDelegate.swift; sourceTree = "<group>"; };
		20CE647B21067F4F00A30168 /* ViewController.swift */ = {isa = PBXFileReference; lastKnownFileType = sourcecode.swift; path = ViewController.swift; sourceTree = "<group>"; };
		20CE647E21067F4F00A30168 /* Base */ = {isa = PBXFileReference; lastKnownFileType = file.storyboard; name = Base; path = Base.lproj/Main.storyboard; sourceTree = "<group>"; };
		20CE648021067F5100A30168 /* Assets.xcassets */ = {isa = PBXFileReference; lastKnownFileType = folder.assetcatalog; path = Assets.xcassets; sourceTree = "<group>"; };
		20CE648321067F5100A30168 /* Base */ = {isa = PBXFileReference; lastKnownFileType = file.storyboard; name = Base; path = Base.lproj/LaunchScreen.storyboard; sourceTree = "<group>"; };
		20CE648521067F5100A30168 /* Info.plist */ = {isa = PBXFileReference; lastKnownFileType = text.plist.xml; path = Info.plist; sourceTree = "<group>"; };
		20CE648A21067F5100A30168 /* YouRunTests.xctest */ = {isa = PBXFileReference; explicitFileType = wrapper.cfbundle; includeInIndex = 0; path = YouRunTests.xctest; sourceTree = BUILT_PRODUCTS_DIR; };
		20CE648E21067F5100A30168 /* YouRunTests.swift */ = {isa = PBXFileReference; lastKnownFileType = sourcecode.swift; path = YouRunTests.swift; sourceTree = "<group>"; };
		20CE649021067F5100A30168 /* Info.plist */ = {isa = PBXFileReference; lastKnownFileType = text.plist.xml; path = Info.plist; sourceTree = "<group>"; };
		20CE64992106811D00A30168 /* MyViewController.swift */ = {isa = PBXFileReference; lastKnownFileType = sourcecode.swift; path = MyViewController.swift; sourceTree = "<group>"; };
/* End PBXFileReference section */

/* Begin PBXFrameworksBuildPhase section */
		20CE647321067F4E00A30168 /* Frameworks */ = {
			isa = PBXFrameworksBuildPhase;
			buildActionMask = 2147483647;
			files = (
			);
			runOnlyForDeploymentPostprocessing = 0;
		};
		20CE648721067F5100A30168 /* Frameworks */ = {
			isa = PBXFrameworksBuildPhase;
			buildActionMask = 2147483647;
			files = (
			);
			runOnlyForDeploymentPostprocessing = 0;
		};
/* End PBXFrameworksBuildPhase section */

/* Begin PBXGroup section */
		20CE646D21067F4E00A30168 = {
			isa = PBXGroup;
			children = (
				20CE647821067F4F00A30168 /* YouRun */,
				20CE648D21067F5100A30168 /* YouRunTests */,
				20CE647721067F4F00A30168 /* Products */,
			);
			sourceTree = "<group>";
		};
		20CE647721067F4F00A30168 /* Products */ = {
			isa = PBXGroup;
			children = (
				20CE647621067F4F00A30168 /* YouRun.app */,
				20CE648A21067F5100A30168 /* YouRunTests.xctest */,
			);
			name = Products;
			sourceTree = "<group>";
		};
		20CE647821067F4F00A30168 /* YouRun */ = {
			isa = PBXGroup;
			children = (
				20CE647921067F4F00A30168 /* AppDelegate.swift */,
				20CE647B21067F4F00A30168 /* ViewController.swift */,
				20CE64992106811D00A30168 /* MyViewController.swift */,
				20CE647D21067F4F00A30168 /* Main.storyboard */,
				20CE648021067F5100A30168 /* Assets.xcassets */,
				20CE648221067F5100A30168 /* LaunchScreen.storyboard */,
				20CE648521067F5100A30168 /* Info.plist */,
			);
			path = YouRun;
			sourceTree = "<group>";
		};
		20CE648D21067F5100A30168 /* YouRunTests */ = {
			isa = PBXGroup;
			children = (
				20CE648E21067F5100A30168 /* YouRunTests.swift */,
				20CE649021067F5100A30168 /* Info.plist */,
			);
			path = YouRunTests;
			sourceTree = "<group>";
		};
/* End PBXGroup section */

/* Begin PBXNativeTarget section */
		20CE647521067F4E00A30168 /* YouRun */ = {
			isa = PBXNativeTarget;
			buildConfigurationList = 20CE649321067F5100A30168 /* Build configuration list for PBXNativeTarget "YouRun" */;
			buildPhases = (
				20CE647221067F4E00A30168 /* Sources */,
				20CE647321067F4E00A30168 /* Frameworks */,
				20CE647421067F4E00A30168 /* Resources */,
			);
			buildRules = (
			);
			dependencies = (
			);
			name = YouRun;
			productName = YouRun;
			productReference = 20CE647621067F4F00A30168 /* YouRun.app */;
			productType = "com.apple.product-type.application";
		};
		20CE648921067F5100A30168 /* YouRunTests */ = {
			isa = PBXNativeTarget;
			buildConfigurationList = 20CE649621067F5100A30168 /* Build configuration list for PBXNativeTarget "YouRunTests" */;
			buildPhases = (
				20CE648621067F5100A30168 /* Sources */,
				20CE648721067F5100A30168 /* Frameworks */,
				20CE648821067F5100A30168 /* Resources */,
			);
			buildRules = (
			);
			dependencies = (
				20CE648C21067F5100A30168 /* PBXTargetDependency */,
			);
			name = YouRunTests;
			productName = YouRunTests;
			productReference = 20CE648A21067F5100A30168 /* YouRunTests.xctest */;
			productType = "com.apple.product-type.bundle.unit-test";
		};
/* End PBXNativeTarget section */

/* Begin PBXProject section */
		20CE646E21067F4E00A30168 /* Project object */ = {
			isa = PBXProject;
			attributes = {
				LastSwiftUpdateCheck = 0940;
				LastUpgradeCheck = 0940;
				ORGANIZATIONNAME = "Anna Bartlett";
				TargetAttributes = {
					20CE647521067F4E00A30168 = {
						CreatedOnToolsVersion = 9.4.1;
					};
					20CE648921067F5100A30168 = {
						CreatedOnToolsVersion = 9.4.1;
						TestTargetID = 20CE647521067F4E00A30168;
					};
				};
			};
			buildConfigurationList = 20CE647121067F4E00A30168 /* Build configuration list for PBXProject "YouRun" */;
			compatibilityVersion = "Xcode 9.3";
			developmentRegion = en;
			hasScannedForEncodings = 0;
			knownRegions = (
				en,
				Base,
			);
			mainGroup = 20CE646D21067F4E00A30168;
			productRefGroup = 20CE647721067F4F00A30168 /* Products */;
			projectDirPath = "";
			projectRoot = "";
			targets = (
				20CE647521067F4E00A30168 /* YouRun */,
				20CE648921067F5100A30168 /* YouRunTests */,
			);
		};
/* End PBXProject section */

/* Begin PBXResourcesBuildPhase section */
		20CE647421067F4E00A30168 /* Resources */ = {
			isa = PBXResourcesBuildPhase;
			buildActionMask = 2147483647;
			files = (
				20CE648421067F5100A30168 /* LaunchScreen.storyboard in Resources */,
				20CE648121067F5100A30168 /* Assets.xcassets in Resources */,
				20CE647F21067F4F00A30168 /* Main.storyboard in Resources */,
			);
			runOnlyForDeploymentPostprocessing = 0;
		};
		20CE648821067F5100A30168 /* Resources */ = {
			isa = PBXResourcesBuildPhase;
			buildActionMask = 2147483647;
			files = (
			);
			runOnlyForDeploymentPostprocessing = 0;
		};
/* End PBXResourcesBuildPhase section */

/* Begin PBXSourcesBuildPhase section */
		20CE647221067F4E00A30168 /* Sources */ = {
			isa = PBXSourcesBuildPhase;
			buildActionMask = 2147483647;
			files = (
				20CE647C21067F4F00A30168 /* ViewController.swift in Sources */,
				20CE649A2106811D00A30168 /* MyViewController.swift in Sources */,
				20CE647A21067F4F00A30168 /* AppDelegate.swift in Sources */,
			);
			runOnlyForDeploymentPostprocessing = 0;
		};
		20CE648621067F5100A30168 /* Sources */ = {
			isa = PBXSourcesBuildPhase;
			buildActionMask = 2147483647;
			files = (
				20CE648F21067F5100A30168 /* YouRunTests.swift in Sources */,
			);
			runOnlyForDeploymentPostprocessing = 0;
		};
/* End PBXSourcesBuildPhase section */

/* Begin PBXTargetDependency section */
		20CE648C21067F5100A30168 /* PBXTargetDependency */ = {
			isa = PBXTargetDependency;
			target = 20CE647521067F4E00A30168 /* YouRun */;
			targetProxy = 20CE648B21067F5100A30168 /* PBXContainerItemProxy */;
		};
/* End PBXTargetDependency section */

/* Begin PBXVariantGroup section */
		20CE647D21067F4F00A30168 /* Main.storyboard */ = {
			isa = PBXVariantGroup;
			children = (
				20CE647E21067F4F00A30168 /* Base */,
			);
			name = Main.storyboard;
			sourceTree = "<group>";
		};
		20CE648221067F5100A30168 /* LaunchScreen.storyboard */ = {
			isa = PBXVariantGroup;
			children = (
				20CE648321067F5100A30168 /* Base */,
			);
			name = LaunchScreen.storyboard;
			sourceTree = "<group>";
		};
/* End PBXVariantGroup section */

/* Begin XCBuildConfiguration section */
		20CE649121067F5100A30168 /* Debug */ = {
			isa = XCBuildConfiguration;
			buildSettings = {
				ALWAYS_SEARCH_USER_PATHS = NO;
				CLANG_ANALYZER_NONNULL = YES;
				CLANG_ANALYZER_NUMBER_OBJECT_CONVERSION = YES_AGGRESSIVE;
				CLANG_CXX_LANGUAGE_STANDARD = "gnu++14";
				CLANG_CXX_LIBRARY = "libc++";
				CLANG_ENABLE_MODULES = YES;
				CLANG_ENABLE_OBJC_ARC = YES;
				CLANG_ENABLE_OBJC_WEAK = YES;
				CLANG_WARN_BLOCK_CAPTURE_AUTORELEASING = YES;
				CLANG_WARN_BOOL_CONVERSION = YES;
				CLANG_WARN_COMMA = YES;
				CLANG_WARN_CONSTANT_CONVERSION = YES;
				CLANG_WARN_DEPRECATED_OBJC_IMPLEMENTATIONS = YES;
				CLANG_WARN_DIRECT_OBJC_ISA_USAGE = YES_ERROR;
				CLANG_WARN_DOCUMENTATION_COMMENTS = YES;
				CLANG_WARN_EMPTY_BODY = YES;
				CLANG_WARN_ENUM_CONVERSION = YES;
				CLANG_WARN_INFINITE_RECURSION = YES;
				CLANG_WARN_INT_CONVERSION = YES;
				CLANG_WARN_NON_LITERAL_NULL_CONVERSION = YES;
				CLANG_WARN_OBJC_IMPLICIT_RETAIN_SELF = YES;
				CLANG_WARN_OBJC_LITERAL_CONVERSION = YES;
				CLANG_WARN_OBJC_ROOT_CLASS = YES_ERROR;
				CLANG_WARN_RANGE_LOOP_ANALYSIS = YES;
				CLANG_WARN_STRICT_PROTOTYPES = YES;
				CLANG_WARN_SUSPICIOUS_MOVE = YES;
				CLANG_WARN_UNGUARDED_AVAILABILITY = YES_AGGRESSIVE;
				CLANG_WARN_UNREACHABLE_CODE = YES;
				CLANG_WARN__DUPLICATE_METHOD_MATCH = YES;
				CODE_SIGN_IDENTITY = "iPhone Developer";
				COPY_PHASE_STRIP = NO;
				DEBUG_INFORMATION_FORMAT = dwarf;
				ENABLE_STRICT_OBJC_MSGSEND = YES;
				ENABLE_TESTABILITY = YES;
				GCC_C_LANGUAGE_STANDARD = gnu11;
				GCC_DYNAMIC_NO_PIC = NO;
				GCC_NO_COMMON_BLOCKS = YES;
				GCC_OPTIMIZATION_LEVEL = 0;
				GCC_PREPROCESSOR_DEFINITIONS = (
					"DEBUG=1",
					"$(inherited)",
				);
				GCC_WARN_64_TO_32_BIT_CONVERSION = YES;
				GCC_WARN_ABOUT_RETURN_TYPE = YES_ERROR;
				GCC_WARN_UNDECLARED_SELECTOR = YES;
				GCC_WARN_UNINITIALIZED_AUTOS = YES_AGGRESSIVE;
				GCC_WARN_UNUSED_FUNCTION = YES;
				GCC_WARN_UNUSED_VARIABLE = YES;
				IPHONEOS_DEPLOYMENT_TARGET = 11.4;
				MTL_ENABLE_DEBUG_INFO = YES;
				ONLY_ACTIVE_ARCH = YES;
				SDKROOT = iphoneos;
				SWIFT_ACTIVE_COMPILATION_CONDITIONS = DEBUG;
				SWIFT_OPTIMIZATION_LEVEL = "-Onone";
			};
			name = Debug;
		};
		20CE649221067F5100A30168 /* Release */ = {
			isa = XCBuildConfiguration;
			buildSettings = {
				ALWAYS_SEARCH_USER_PATHS = NO;
				CLANG_ANALYZER_NONNULL = YES;
				CLANG_ANALYZER_NUMBER_OBJECT_CONVERSION = YES_AGGRESSIVE;
				CLANG_CXX_LANGUAGE_STANDARD = "gnu++14";
				CLANG_CXX_LIBRARY = "libc++";
				CLANG_ENABLE_MODULES = YES;
				CLANG_ENABLE_OBJC_ARC = YES;
				CLANG_ENABLE_OBJC_WEAK = YES;
				CLANG_WARN_BLOCK_CAPTURE_AUTORELEASING = YES;
				CLANG_WARN_BOOL_CONVERSION = YES;
				CLANG_WARN_COMMA = YES;
				CLANG_WARN_CONSTANT_CONVERSION = YES;
				CLANG_WARN_DEPRECATED_OBJC_IMPLEMENTATIONS = YES;
				CLANG_WARN_DIRECT_OBJC_ISA_USAGE = YES_ERROR;
				CLANG_WARN_DOCUMENTATION_COMMENTS = YES;
				CLANG_WARN_EMPTY_BODY = YES;
				CLANG_WARN_ENUM_CONVERSION = YES;
				CLANG_WARN_INFINITE_RECURSION = YES;
				CLANG_WARN_INT_CONVERSION = YES;
				CLANG_WARN_NON_LITERAL_NULL_CONVERSION = YES;
				CLANG_WARN_OBJC_IMPLICIT_RETAIN_SELF = YES;
				CLANG_WARN_OBJC_LITERAL_CONVERSION = YES;
				CLANG_WARN_OBJC_ROOT_CLASS = YES_ERROR;
				CLANG_WARN_RANGE_LOOP_ANALYSIS = YES;
				CLANG_WARN_STRICT_PROTOTYPES = YES;
				CLANG_WARN_SUSPICIOUS_MOVE = YES;
				CLANG_WARN_UNGUARDED_AVAILABILITY = YES_AGGRESSIVE;
				CLANG_WARN_UNREACHABLE_CODE = YES;
				CLANG_WARN__DUPLICATE_METHOD_MATCH = YES;
				CODE_SIGN_IDENTITY = "iPhone Developer";
				COPY_PHASE_STRIP = NO;
				DEBUG_INFORMATION_FORMAT = "dwarf-with-dsym";
				ENABLE_NS_ASSERTIONS = NO;
				ENABLE_STRICT_OBJC_MSGSEND = YES;
				GCC_C_LANGUAGE_STANDARD = gnu11;
				GCC_NO_COMMON_BLOCKS = YES;
				GCC_WARN_64_TO_32_BIT_CONVERSION = YES;
				GCC_WARN_ABOUT_RETURN_TYPE = YES_ERROR;
				GCC_WARN_UNDECLARED_SELECTOR = YES;
				GCC_WARN_UNINITIALIZED_AUTOS = YES_AGGRESSIVE;
				GCC_WARN_UNUSED_FUNCTION = YES;
				GCC_WARN_UNUSED_VARIABLE = YES;
				IPHONEOS_DEPLOYMENT_TARGET = 11.4;
				MTL_ENABLE_DEBUG_INFO = NO;
				SDKROOT = iphoneos;
				SWIFT_COMPILATION_MODE = wholemodule;
				SWIFT_OPTIMIZATION_LEVEL = "-O";
				VALIDATE_PRODUCT = YES;
			};
			name = Release;
		};
		20CE649421067F5100A30168 /* Debug */ = {
			isa = XCBuildConfiguration;
			buildSettings = {
				ASSETCATALOG_COMPILER_APPICON_NAME = AppIcon;
				CODE_SIGN_STYLE = Automatic;
				INFOPLIST_FILE = YouRun/Info.plist;
				LD_RUNPATH_SEARCH_PATHS = (
					"$(inherited)",
					"@executable_path/Frameworks",
				);
				PRODUCT_BUNDLE_IDENTIFIER = com.example.YouRun;
				PRODUCT_NAME = "$(TARGET_NAME)";
				SWIFT_VERSION = 4.0;
				TARGETED_DEVICE_FAMILY = "1,2";
			};
			name = Debug;
		};
		20CE649521067F5100A30168 /* Release */ = {
			isa = XCBuildConfiguration;
			buildSettings = {
				ASSETCATALOG_COMPILER_APPICON_NAME = AppIcon;
				CODE_SIGN_STYLE = Automatic;
				INFOPLIST_FILE = YouRun/Info.plist;
				LD_RUNPATH_SEARCH_PATHS = (
					"$(inherited)",
					"@executable_path/Frameworks",
				);
				PRODUCT_BUNDLE_IDENTIFIER = com.example.YouRun;
				PRODUCT_NAME = "$(TARGET_NAME)";
				SWIFT_VERSION = 4.0;
				TARGETED_DEVICE_FAMILY = "1,2";
			};
			name = Release;
		};
		20CE649721067F5100A30168 /* Debug */ = {
			isa = XCBuildConfiguration;
			buildSettings = {
				ALWAYS_EMBED_SWIFT_STANDARD_LIBRARIES = YES;
				BUNDLE_LOADER = "$(TEST_HOST)";
				CODE_SIGN_STYLE = Automatic;
				INFOPLIST_FILE = YouRunTests/Info.plist;
				LD_RUNPATH_SEARCH_PATHS = (
					"$(inherited)",
					"@executable_path/Frameworks",
					"@loader_path/Frameworks",
				);
				PRODUCT_BUNDLE_IDENTIFIER = com.example.YouRunTests;
				PRODUCT_NAME = "$(TARGET_NAME)";
				SWIFT_VERSION = 4.0;
				TARGETED_DEVICE_FAMILY = "1,2";
				TEST_HOST = "$(BUILT_PRODUCTS_DIR)/YouRun.app/YouRun";
			};
			name = Debug;
		};
		20CE649821067F5100A30168 /* Release */ = {
			isa = XCBuildConfiguration;
			buildSettings = {
				ALWAYS_EMBED_SWIFT_STANDARD_LIBRARIES = YES;
				BUNDLE_LOADER = "$(TEST_HOST)";
				CODE_SIGN_STYLE = Automatic;
				INFOPLIST_FILE = YouRunTests/Info.plist;
				LD_RUNPATH_SEARCH_PATHS = (
					"$(inherited)",
					"@executable_path/Frameworks",
					"@loader_path/Frameworks",
				);
				PRODUCT_BUNDLE_IDENTIFIER = com.example.YouRunTests;
				PRODUCT_NAME = "$(TARGET_NAME)";
				SWIFT_VERSION = 4.0;
				TARGETED_DEVICE_FAMILY = "1,2";
				TEST_HOST = "$(BUILT_PRODUCTS_DIR)/YouRun.app/YouRun";
			};
			name = Release;
		};
/* End XCBuildConfiguration section */

/* Begin XCConfigurationList section */
		20CE647121067F4E00A30168 /* Build configuration list for PBXProject "YouRun" */ = {
			isa = XCConfigurationList;
			buildConfigurations = (
				20CE649121067F5100A30168 /* Debug */,
				20CE649221067F5100A30168 /* Release */,
			);
			defaultConfigurationIsVisible = 0;
			defaultConfigurationName = Release;
		};
		20CE649321067F5100A30168 /* Build configuration list for PBXNativeTarget "YouRun" */ = {
			isa = XCConfigurationList;
			buildConfigurations = (
				20CE649421067F5100A30168 /* Debug */,
				20CE649521067F5100A30168 /* Release */,
			);
			defaultConfigurationIsVisible = 0;
			defaultConfigurationName = Release;
		};
		20CE649621067F5100A30168 /* Build configuration list for PBXNativeTarget "YouRunTests" */ = {
			isa = XCConfigurationList;
			buildConfigurations = (
				20CE649721067F5100A30168 /* Debug */,
				20CE649821067F5100A30168 /* Release */,
			);
			defaultConfigurationIsVisible = 0;
			defaultConfigurationName = Release;
		};
/* End XCConfigurationList section */
	};
	rootObject = 20CE646E21067F4E00A30168 /* Project object */;
}
